// !$*UTF8*$!
{
	archiveVersion = 1;
	classes = {
	};
	objectVersion = 50;
	objects = {

/* Begin PBXBuildFile section */
		32B24CFD25C41EEF001DE9C5 /* AppDelegate.m in Sources */ = {isa = PBXBuildFile; fileRef = 32B24CFC25C41EEF001DE9C5 /* AppDelegate.m */; };
		32B24D0825C41EF2001DE9C5 /* Assets.xcassets in Resources */ = {isa = PBXBuildFile; fileRef = 32B24D0725C41EF2001DE9C5 /* Assets.xcassets */; };
		32B24D0B25C41EF2001DE9C5 /* LaunchScreen.storyboard in Resources */ = {isa = PBXBuildFile; fileRef = 32B24D0925C41EF2001DE9C5 /* LaunchScreen.storyboard */; };
		32B24D0E25C41EF2001DE9C5 /* main.m in Sources */ = {isa = PBXBuildFile; fileRef = 32B24D0D25C41EF2001DE9C5 /* main.m */; };
		32B24D7A25C425DE001DE9C5 /* WDBaseTags.m in Sources */ = {isa = PBXBuildFile; fileRef = 32B24D1E25C425D4001DE9C5 /* WDBaseTags.m */; };
		32B24D7B25C425DE001DE9C5 /* WDBaseViewController.m in Sources */ = {isa = PBXBuildFile; fileRef = 32B24D2325C425D4001DE9C5 /* WDBaseViewController.m */; };
		32B24D7C25C425DE001DE9C5 /* WDBaseTableViewController.m in Sources */ = {isa = PBXBuildFile; fileRef = 32B24D2425C425D4001DE9C5 /* WDBaseTableViewController.m */; };
		32B24D7F25C425DE001DE9C5 /* WDBaseNavigationController.m in Sources */ = {isa = PBXBuildFile; fileRef = 32B24D2925C425D4001DE9C5 /* WDBaseNavigationController.m */; };
		32B24D8025C425DE001DE9C5 /* WDBaseTabBarController.m in Sources */ = {isa = PBXBuildFile; fileRef = 32B24D2C25C425D4001DE9C5 /* WDBaseTabBarController.m */; };
		32B24D8125C425DE001DE9C5 /* WDBaseView.m in Sources */ = {isa = PBXBuildFile; fileRef = 32B24D2F25C425D4001DE9C5 /* WDBaseView.m */; };
		32B24D8225C425DE001DE9C5 /* NSDate+WDDate.m in Sources */ = {isa = PBXBuildFile; fileRef = 32B24D3525C425DE001DE9C5 /* NSDate+WDDate.m */; };
		32B24D8325C425DE001DE9C5 /* NSString+WDExtension.m in Sources */ = {isa = PBXBuildFile; fileRef = 32B24D3725C425DE001DE9C5 /* NSString+WDExtension.m */; };
		32B24D8425C425DE001DE9C5 /* NSDictionary+WDSafeObjectForKey.m in Sources */ = {isa = PBXBuildFile; fileRef = 32B24D3925C425DE001DE9C5 /* NSDictionary+WDSafeObjectForKey.m */; };
		32B24D8525C425DE001DE9C5 /* MBProgressHUD+Constructor.m in Sources */ = {isa = PBXBuildFile; fileRef = 32B24D3C25C425DE001DE9C5 /* MBProgressHUD+Constructor.m */; };
		32B24D8625C425DE001DE9C5 /* UIView+WDIBExtension.m in Sources */ = {isa = PBXBuildFile; fileRef = 32B24D3F25C425DE001DE9C5 /* UIView+WDIBExtension.m */; };
		32B24D8725C425DE001DE9C5 /* UIScreen+WDExtension.m in Sources */ = {isa = PBXBuildFile; fileRef = 32B24D4225C425DE001DE9C5 /* UIScreen+WDExtension.m */; };
		32B24D8825C425DE001DE9C5 /* UIViewController+WDPresentVC.m in Sources */ = {isa = PBXBuildFile; fileRef = 32B24D4525C425DE001DE9C5 /* UIViewController+WDPresentVC.m */; };
		32B24D8925C425DE001DE9C5 /* UIView+WDExtension.m in Sources */ = {isa = PBXBuildFile; fileRef = 32B24D4625C425DE001DE9C5 /* UIView+WDExtension.m */; };
		32B24D8A25C425DE001DE9C5 /* UIDevice+WDDevice.m in Sources */ = {isa = PBXBuildFile; fileRef = 32B24D4725C425DE001DE9C5 /* UIDevice+WDDevice.m */; };
		32B24D8B25C425DE001DE9C5 /* UIImage+WDExtension.m in Sources */ = {isa = PBXBuildFile; fileRef = 32B24D4A25C425DE001DE9C5 /* UIImage+WDExtension.m */; };
		32B24D8C25C425DE001DE9C5 /* UIColor+WDExtend.m in Sources */ = {isa = PBXBuildFile; fileRef = 32B24D4D25C425DE001DE9C5 /* UIColor+WDExtend.m */; };
		32B24D8D25C425DE001DE9C5 /* UIButton+WDExtension.m in Sources */ = {isa = PBXBuildFile; fileRef = 32B24D4E25C425DE001DE9C5 /* UIButton+WDExtension.m */; };
		32B24D8E25C425DE001DE9C5 /* WDUtil.m in Sources */ = {isa = PBXBuildFile; fileRef = 32B24D5225C425DE001DE9C5 /* WDUtil.m */; };
		32B24D8F25C425DE001DE9C5 /* WDGlobal.m in Sources */ = {isa = PBXBuildFile; fileRef = 32B24D5325C425DE001DE9C5 /* WDGlobal.m */; };
		32B24D9525C425DE001DE9C5 /* XWToolBar.m in Sources */ = {isa = PBXBuildFile; fileRef = 32B24D6225C425DE001DE9C5 /* XWToolBar.m */; };
		32B24D9625C425DE001DE9C5 /* XWFloatingView.m in Sources */ = {isa = PBXBuildFile; fileRef = 32B24D6525C425DE001DE9C5 /* XWFloatingView.m */; };
		32B24D9725C425DE001DE9C5 /* TYNetworkTool.m in Sources */ = {isa = PBXBuildFile; fileRef = 32B24D6825C425DE001DE9C5 /* TYNetworkTool.m */; };
		32B24DBA25C434A1001DE9C5 /* WDMineVC.m in Sources */ = {isa = PBXBuildFile; fileRef = 32B24DB825C434A1001DE9C5 /* WDMineVC.m */; };
		32B24DBB25C434A1001DE9C5 /* WDMineVC.xib in Resources */ = {isa = PBXBuildFile; fileRef = 32B24DB925C434A1001DE9C5 /* WDMineVC.xib */; };
		32B24DC125C434BE001DE9C5 /* WDARVC.m in Sources */ = {isa = PBXBuildFile; fileRef = 32B24DBF25C434BE001DE9C5 /* WDARVC.m */; };
		32B24DC225C434BE001DE9C5 /* WDARVC.xib in Resources */ = {isa = PBXBuildFile; fileRef = 32B24DC025C434BE001DE9C5 /* WDARVC.xib */; };
		32B24DC725C434DB001DE9C5 /* WDCoordinateVC.m in Sources */ = {isa = PBXBuildFile; fileRef = 32B24DC525C434DB001DE9C5 /* WDCoordinateVC.m */; };
		32B24DC825C434DB001DE9C5 /* WDCoordinateVC.xib in Resources */ = {isa = PBXBuildFile; fileRef = 32B24DC625C434DB001DE9C5 /* WDCoordinateVC.xib */; };
		32B24DCD25C434F4001DE9C5 /* WDHistoryVC.m in Sources */ = {isa = PBXBuildFile; fileRef = 32B24DCB25C434F4001DE9C5 /* WDHistoryVC.m */; };
		32B24DCE25C434F4001DE9C5 /* WDHistoryVC.xib in Resources */ = {isa = PBXBuildFile; fileRef = 32B24DCC25C434F4001DE9C5 /* WDHistoryVC.xib */; };
		32B24DD325C4350F001DE9C5 /* WDRecommendVC.m in Sources */ = {isa = PBXBuildFile; fileRef = 32B24DD125C4350F001DE9C5 /* WDRecommendVC.m */; };
		32B24DD425C4350F001DE9C5 /* WDRecommendVC.xib in Resources */ = {isa = PBXBuildFile; fileRef = 32B24DD225C4350F001DE9C5 /* WDRecommendVC.xib */; };
/* End PBXBuildFile section */

/* Begin PBXFileReference section */
		32B24CF825C41EEF001DE9C5 /* WDMap.app */ = {isa = PBXFileReference; explicitFileType = wrapper.application; includeInIndex = 0; path = WDMap.app; sourceTree = BUILT_PRODUCTS_DIR; };
		32B24CFB25C41EEF001DE9C5 /* AppDelegate.h */ = {isa = PBXFileReference; lastKnownFileType = sourcecode.c.h; path = AppDelegate.h; sourceTree = "<group>"; };
		32B24CFC25C41EEF001DE9C5 /* AppDelegate.m */ = {isa = PBXFileReference; lastKnownFileType = sourcecode.c.objc; path = AppDelegate.m; sourceTree = "<group>"; };
		32B24D0725C41EF2001DE9C5 /* Assets.xcassets */ = {isa = PBXFileReference; lastKnownFileType = folder.assetcatalog; path = Assets.xcassets; sourceTree = "<group>"; };
		32B24D0A25C41EF2001DE9C5 /* Base */ = {isa = PBXFileReference; lastKnownFileType = file.storyboard; name = Base; path = Base.lproj/LaunchScreen.storyboard; sourceTree = "<group>"; };
		32B24D0C25C41EF2001DE9C5 /* Info.plist */ = {isa = PBXFileReference; lastKnownFileType = text.plist.xml; path = Info.plist; sourceTree = "<group>"; };
		32B24D0D25C41EF2001DE9C5 /* main.m */ = {isa = PBXFileReference; lastKnownFileType = sourcecode.c.objc; path = main.m; sourceTree = "<group>"; };
		32B24D1925C425D3001DE9C5 /* WDSimpleCode.h */ = {isa = PBXFileReference; fileEncoding = 4; lastKnownFileType = sourcecode.c.h; path = WDSimpleCode.h; sourceTree = "<group>"; };
		32B24D1A25C425D4001DE9C5 /* WDHeader.h */ = {isa = PBXFileReference; fileEncoding = 4; lastKnownFileType = sourcecode.c.h; path = WDHeader.h; sourceTree = "<group>"; };
		32B24D1B25C425D4001DE9C5 /* WDBaseTags.h */ = {isa = PBXFileReference; fileEncoding = 4; lastKnownFileType = sourcecode.c.h; path = WDBaseTags.h; sourceTree = "<group>"; };
		32B24D1C25C425D4001DE9C5 /* WDPrefixHeader.pch */ = {isa = PBXFileReference; fileEncoding = 4; lastKnownFileType = sourcecode.c.h; path = WDPrefixHeader.pch; sourceTree = "<group>"; };
		32B24D1D25C425D4001DE9C5 /* WDEnum.h */ = {isa = PBXFileReference; fileEncoding = 4; lastKnownFileType = sourcecode.c.h; path = WDEnum.h; sourceTree = "<group>"; };
		32B24D1E25C425D4001DE9C5 /* WDBaseTags.m */ = {isa = PBXFileReference; fileEncoding = 4; lastKnownFileType = sourcecode.c.objc; path = WDBaseTags.m; sourceTree = "<group>"; };
		32B24D1F25C425D4001DE9C5 /* WDKeyList.h */ = {isa = PBXFileReference; fileEncoding = 4; lastKnownFileType = sourcecode.c.h; path = WDKeyList.h; sourceTree = "<group>"; };
		32B24D2025C425D4001DE9C5 /* WDRequestURL.h */ = {isa = PBXFileReference; fileEncoding = 4; lastKnownFileType = sourcecode.c.h; path = WDRequestURL.h; sourceTree = "<group>"; };
		32B24D2225C425D4001DE9C5 /* WDBaseTabBarController.h */ = {isa = PBXFileReference; fileEncoding = 4; lastKnownFileType = sourcecode.c.h; path = WDBaseTabBarController.h; sourceTree = "<group>"; };
		32B24D2325C425D4001DE9C5 /* WDBaseViewController.m */ = {isa = PBXFileReference; fileEncoding = 4; lastKnownFileType = sourcecode.c.objc; path = WDBaseViewController.m; sourceTree = "<group>"; };
		32B24D2425C425D4001DE9C5 /* WDBaseTableViewController.m */ = {isa = PBXFileReference; fileEncoding = 4; lastKnownFileType = sourcecode.c.objc; path = WDBaseTableViewController.m; sourceTree = "<group>"; };
		32B24D2925C425D4001DE9C5 /* WDBaseNavigationController.m */ = {isa = PBXFileReference; fileEncoding = 4; lastKnownFileType = sourcecode.c.objc; path = WDBaseNavigationController.m; sourceTree = "<group>"; };
		32B24D2A25C425D4001DE9C5 /* WDBaseTableViewController.h */ = {isa = PBXFileReference; fileEncoding = 4; lastKnownFileType = sourcecode.c.h; path = WDBaseTableViewController.h; sourceTree = "<group>"; };
		32B24D2B25C425D4001DE9C5 /* WDBaseViewController.h */ = {isa = PBXFileReference; fileEncoding = 4; lastKnownFileType = sourcecode.c.h; path = WDBaseViewController.h; sourceTree = "<group>"; };
		32B24D2C25C425D4001DE9C5 /* WDBaseTabBarController.m */ = {isa = PBXFileReference; fileEncoding = 4; lastKnownFileType = sourcecode.c.objc; path = WDBaseTabBarController.m; sourceTree = "<group>"; };
		32B24D2D25C425D4001DE9C5 /* WDBaseNavigationController.h */ = {isa = PBXFileReference; fileEncoding = 4; lastKnownFileType = sourcecode.c.h; path = WDBaseNavigationController.h; sourceTree = "<group>"; };
		32B24D2F25C425D4001DE9C5 /* WDBaseView.m */ = {isa = PBXFileReference; fileEncoding = 4; lastKnownFileType = sourcecode.c.objc; path = WDBaseView.m; sourceTree = "<group>"; };
		32B24D3025C425D4001DE9C5 /* WDBaseView.h */ = {isa = PBXFileReference; fileEncoding = 4; lastKnownFileType = sourcecode.c.h; path = WDBaseView.h; sourceTree = "<group>"; };
		32B24D3525C425DE001DE9C5 /* NSDate+WDDate.m */ = {isa = PBXFileReference; fileEncoding = 4; lastKnownFileType = sourcecode.c.objc; path = "NSDate+WDDate.m"; sourceTree = "<group>"; };
		32B24D3625C425DE001DE9C5 /* NSDictionary+WDSafeObjectForKey.h */ = {isa = PBXFileReference; fileEncoding = 4; lastKnownFileType = sourcecode.c.h; path = "NSDictionary+WDSafeObjectForKey.h"; sourceTree = "<group>"; };
		32B24D3725C425DE001DE9C5 /* NSString+WDExtension.m */ = {isa = PBXFileReference; fileEncoding = 4; lastKnownFileType = sourcecode.c.objc; path = "NSString+WDExtension.m"; sourceTree = "<group>"; };
		32B24D3825C425DE001DE9C5 /* NSString+WDExtension.h */ = {isa = PBXFileReference; fileEncoding = 4; lastKnownFileType = sourcecode.c.h; path = "NSString+WDExtension.h"; sourceTree = "<group>"; };
		32B24D3925C425DE001DE9C5 /* NSDictionary+WDSafeObjectForKey.m */ = {isa = PBXFileReference; fileEncoding = 4; lastKnownFileType = sourcecode.c.objc; path = "NSDictionary+WDSafeObjectForKey.m"; sourceTree = "<group>"; };
		32B24D3A25C425DE001DE9C5 /* NSDate+WDDate.h */ = {isa = PBXFileReference; fileEncoding = 4; lastKnownFileType = sourcecode.c.h; path = "NSDate+WDDate.h"; sourceTree = "<group>"; };
		32B24D3C25C425DE001DE9C5 /* MBProgressHUD+Constructor.m */ = {isa = PBXFileReference; fileEncoding = 4; lastKnownFileType = sourcecode.c.objc; path = "MBProgressHUD+Constructor.m"; sourceTree = "<group>"; };
		32B24D3D25C425DE001DE9C5 /* MBProgressHUD+Constructor.h */ = {isa = PBXFileReference; fileEncoding = 4; lastKnownFileType = sourcecode.c.h; path = "MBProgressHUD+Constructor.h"; sourceTree = "<group>"; };
		32B24D3F25C425DE001DE9C5 /* UIView+WDIBExtension.m */ = {isa = PBXFileReference; fileEncoding = 4; lastKnownFileType = sourcecode.c.objc; path = "UIView+WDIBExtension.m"; sourceTree = "<group>"; };
		32B24D4025C425DE001DE9C5 /* UIDevice+WDDevice.h */ = {isa = PBXFileReference; fileEncoding = 4; lastKnownFileType = sourcecode.c.h; path = "UIDevice+WDDevice.h"; sourceTree = "<group>"; };
		32B24D4125C425DE001DE9C5 /* UIImage+WDExtension.h */ = {isa = PBXFileReference; fileEncoding = 4; lastKnownFileType = sourcecode.c.h; path = "UIImage+WDExtension.h"; sourceTree = "<group>"; };
		32B24D4225C425DE001DE9C5 /* UIScreen+WDExtension.m */ = {isa = PBXFileReference; fileEncoding = 4; lastKnownFileType = sourcecode.c.objc; path = "UIScreen+WDExtension.m"; sourceTree = "<group>"; };
		32B24D4325C425DE001DE9C5 /* UIButton+WDExtension.h */ = {isa = PBXFileReference; fileEncoding = 4; lastKnownFileType = sourcecode.c.h; path = "UIButton+WDExtension.h"; sourceTree = "<group>"; };
		32B24D4425C425DE001DE9C5 /* UIColor+WDExtend.h */ = {isa = PBXFileReference; fileEncoding = 4; lastKnownFileType = sourcecode.c.h; path = "UIColor+WDExtend.h"; sourceTree = "<group>"; };
		32B24D4525C425DE001DE9C5 /* UIViewController+WDPresentVC.m */ = {isa = PBXFileReference; fileEncoding = 4; lastKnownFileType = sourcecode.c.objc; path = "UIViewController+WDPresentVC.m"; sourceTree = "<group>"; };
		32B24D4625C425DE001DE9C5 /* UIView+WDExtension.m */ = {isa = PBXFileReference; fileEncoding = 4; lastKnownFileType = sourcecode.c.objc; path = "UIView+WDExtension.m"; sourceTree = "<group>"; };
		32B24D4725C425DE001DE9C5 /* UIDevice+WDDevice.m */ = {isa = PBXFileReference; fileEncoding = 4; lastKnownFileType = sourcecode.c.objc; path = "UIDevice+WDDevice.m"; sourceTree = "<group>"; };
		32B24D4825C425DE001DE9C5 /* UIView+WDIBExtension.h */ = {isa = PBXFileReference; fileEncoding = 4; lastKnownFileType = sourcecode.c.h; path = "UIView+WDIBExtension.h"; sourceTree = "<group>"; };
		32B24D4925C425DE001DE9C5 /* UIScreen+WDExtension.h */ = {isa = PBXFileReference; fileEncoding = 4; lastKnownFileType = sourcecode.c.h; path = "UIScreen+WDExtension.h"; sourceTree = "<group>"; };
		32B24D4A25C425DE001DE9C5 /* UIImage+WDExtension.m */ = {isa = PBXFileReference; fileEncoding = 4; lastKnownFileType = sourcecode.c.objc; path = "UIImage+WDExtension.m"; sourceTree = "<group>"; };
		32B24D4B25C425DE001DE9C5 /* UIView+WDExtension.h */ = {isa = PBXFileReference; fileEncoding = 4; lastKnownFileType = sourcecode.c.h; path = "UIView+WDExtension.h"; sourceTree = "<group>"; };
		32B24D4C25C425DE001DE9C5 /* UIViewController+WDPresentVC.h */ = {isa = PBXFileReference; fileEncoding = 4; lastKnownFileType = sourcecode.c.h; path = "UIViewController+WDPresentVC.h"; sourceTree = "<group>"; };
		32B24D4D25C425DE001DE9C5 /* UIColor+WDExtend.m */ = {isa = PBXFileReference; fileEncoding = 4; lastKnownFileType = sourcecode.c.objc; path = "UIColor+WDExtend.m"; sourceTree = "<group>"; };
		32B24D4E25C425DE001DE9C5 /* UIButton+WDExtension.m */ = {isa = PBXFileReference; fileEncoding = 4; lastKnownFileType = sourcecode.c.objc; path = "UIButton+WDExtension.m"; sourceTree = "<group>"; };
		32B24D4F25C425DE001DE9C5 /* ExtensionHeader.h */ = {isa = PBXFileReference; fileEncoding = 4; lastKnownFileType = sourcecode.c.h; path = ExtensionHeader.h; sourceTree = "<group>"; };
		32B24D5125C425DE001DE9C5 /* WDGlobal.h */ = {isa = PBXFileReference; fileEncoding = 4; lastKnownFileType = sourcecode.c.h; path = WDGlobal.h; sourceTree = "<group>"; };
		32B24D5225C425DE001DE9C5 /* WDUtil.m */ = {isa = PBXFileReference; fileEncoding = 4; lastKnownFileType = sourcecode.c.objc; path = WDUtil.m; sourceTree = "<group>"; };
		32B24D5325C425DE001DE9C5 /* WDGlobal.m */ = {isa = PBXFileReference; fileEncoding = 4; lastKnownFileType = sourcecode.c.objc; path = WDGlobal.m; sourceTree = "<group>"; };
		32B24D5425C425DE001DE9C5 /* WDUtil.h */ = {isa = PBXFileReference; fileEncoding = 4; lastKnownFileType = sourcecode.c.h; path = WDUtil.h; sourceTree = "<group>"; };
		32B24D6125C425DE001DE9C5 /* XWToolBar.h */ = {isa = PBXFileReference; fileEncoding = 4; lastKnownFileType = sourcecode.c.h; path = XWToolBar.h; sourceTree = "<group>"; };
		32B24D6225C425DE001DE9C5 /* XWToolBar.m */ = {isa = PBXFileReference; fileEncoding = 4; lastKnownFileType = sourcecode.c.objc; path = XWToolBar.m; sourceTree = "<group>"; };
		32B24D6425C425DE001DE9C5 /* XWFloatingView.h */ = {isa = PBXFileReference; fileEncoding = 4; lastKnownFileType = sourcecode.c.h; path = XWFloatingView.h; sourceTree = "<group>"; };
		32B24D6525C425DE001DE9C5 /* XWFloatingView.m */ = {isa = PBXFileReference; fileEncoding = 4; lastKnownFileType = sourcecode.c.objc; path = XWFloatingView.m; sourceTree = "<group>"; };
		32B24D6725C425DE001DE9C5 /* TYNetworkTool.h */ = {isa = PBXFileReference; fileEncoding = 4; lastKnownFileType = sourcecode.c.h; path = TYNetworkTool.h; sourceTree = "<group>"; };
		32B24D6825C425DE001DE9C5 /* TYNetworkTool.m */ = {isa = PBXFileReference; fileEncoding = 4; lastKnownFileType = sourcecode.c.objc; path = TYNetworkTool.m; sourceTree = "<group>"; };
		32B24DB725C434A1001DE9C5 /* WDMineVC.h */ = {isa = PBXFileReference; lastKnownFileType = sourcecode.c.h; path = WDMineVC.h; sourceTree = "<group>"; };
		32B24DB825C434A1001DE9C5 /* WDMineVC.m */ = {isa = PBXFileReference; lastKnownFileType = sourcecode.c.objc; path = WDMineVC.m; sourceTree = "<group>"; };
		32B24DB925C434A1001DE9C5 /* WDMineVC.xib */ = {isa = PBXFileReference; lastKnownFileType = file.xib; path = WDMineVC.xib; sourceTree = "<group>"; };
		32B24DBE25C434BE001DE9C5 /* WDARVC.h */ = {isa = PBXFileReference; lastKnownFileType = sourcecode.c.h; path = WDARVC.h; sourceTree = "<group>"; };
		32B24DBF25C434BE001DE9C5 /* WDARVC.m */ = {isa = PBXFileReference; lastKnownFileType = sourcecode.c.objc; path = WDARVC.m; sourceTree = "<group>"; };
		32B24DC025C434BE001DE9C5 /* WDARVC.xib */ = {isa = PBXFileReference; lastKnownFileType = file.xib; path = WDARVC.xib; sourceTree = "<group>"; };
		32B24DC425C434DB001DE9C5 /* WDCoordinateVC.h */ = {isa = PBXFileReference; lastKnownFileType = sourcecode.c.h; path = WDCoordinateVC.h; sourceTree = "<group>"; };
		32B24DC525C434DB001DE9C5 /* WDCoordinateVC.m */ = {isa = PBXFileReference; lastKnownFileType = sourcecode.c.objc; path = WDCoordinateVC.m; sourceTree = "<group>"; };
		32B24DC625C434DB001DE9C5 /* WDCoordinateVC.xib */ = {isa = PBXFileReference; lastKnownFileType = file.xib; path = WDCoordinateVC.xib; sourceTree = "<group>"; };
		32B24DCA25C434F4001DE9C5 /* WDHistoryVC.h */ = {isa = PBXFileReference; lastKnownFileType = sourcecode.c.h; path = WDHistoryVC.h; sourceTree = "<group>"; };
		32B24DCB25C434F4001DE9C5 /* WDHistoryVC.m */ = {isa = PBXFileReference; lastKnownFileType = sourcecode.c.objc; path = WDHistoryVC.m; sourceTree = "<group>"; };
		32B24DCC25C434F4001DE9C5 /* WDHistoryVC.xib */ = {isa = PBXFileReference; lastKnownFileType = file.xib; path = WDHistoryVC.xib; sourceTree = "<group>"; };
		32B24DD025C4350F001DE9C5 /* WDRecommendVC.h */ = {isa = PBXFileReference; lastKnownFileType = sourcecode.c.h; path = WDRecommendVC.h; sourceTree = "<group>"; };
		32B24DD125C4350F001DE9C5 /* WDRecommendVC.m */ = {isa = PBXFileReference; lastKnownFileType = sourcecode.c.objc; path = WDRecommendVC.m; sourceTree = "<group>"; };
		32B24DD225C4350F001DE9C5 /* WDRecommendVC.xib */ = {isa = PBXFileReference; lastKnownFileType = file.xib; path = WDRecommendVC.xib; sourceTree = "<group>"; };
/* End PBXFileReference section */

/* Begin PBXFrameworksBuildPhase section */
		32B24CF525C41EEF001DE9C5 /* Frameworks */ = {
			isa = PBXFrameworksBuildPhase;
			buildActionMask = 2147483647;
			files = (
			);
			runOnlyForDeploymentPostprocessing = 0;
		};
/* End PBXFrameworksBuildPhase section */

/* Begin PBXGroup section */
		32B24CEF25C41EEF001DE9C5 = {
			isa = PBXGroup;
			children = (
				32B24CFA25C41EEF001DE9C5 /* WDMap */,
				32B24CF925C41EEF001DE9C5 /* Products */,
			);
			sourceTree = "<group>";
		};
		32B24CF925C41EEF001DE9C5 /* Products */ = {
			isa = PBXGroup;
			children = (
				32B24CF825C41EEF001DE9C5 /* WDMap.app */,
			);
			name = Products;
			sourceTree = "<group>";
		};
		32B24CFA25C41EEF001DE9C5 /* WDMap */ = {
			isa = PBXGroup;
			children = (
				32B24CFB25C41EEF001DE9C5 /* AppDelegate.h */,
				32B24CFC25C41EEF001DE9C5 /* AppDelegate.m */,
				32B24DA225C425EE001DE9C5 /* Class */,
				32B24D1725C425D3001DE9C5 /* Base */,
				32B24D3125C425DE001DE9C5 /* Tool */,
				32B24DA825C4269E001DE9C5 /* Other */,
			);
			path = WDMap;
			sourceTree = "<group>";
		};
		32B24D1725C425D3001DE9C5 /* Base */ = {
			isa = PBXGroup;
			children = (
				32B24D1825C425D3001DE9C5 /* config */,
				32B24D2125C425D4001DE9C5 /* controller */,
				32B24D2E25C425D4001DE9C5 /* view */,
			);
			path = Base;
			sourceTree = "<group>";
		};
		32B24D1825C425D3001DE9C5 /* config */ = {
			isa = PBXGroup;
			children = (
				32B24D1925C425D3001DE9C5 /* WDSimpleCode.h */,
				32B24D1A25C425D4001DE9C5 /* WDHeader.h */,
				32B24D1B25C425D4001DE9C5 /* WDBaseTags.h */,
				32B24D1C25C425D4001DE9C5 /* WDPrefixHeader.pch */,
				32B24D1D25C425D4001DE9C5 /* WDEnum.h */,
				32B24D1E25C425D4001DE9C5 /* WDBaseTags.m */,
				32B24D1F25C425D4001DE9C5 /* WDKeyList.h */,
				32B24D2025C425D4001DE9C5 /* WDRequestURL.h */,
			);
			path = config;
			sourceTree = "<group>";
		};
		32B24D2125C425D4001DE9C5 /* controller */ = {
			isa = PBXGroup;
			children = (
				32B24D2225C425D4001DE9C5 /* WDBaseTabBarController.h */,
				32B24D2325C425D4001DE9C5 /* WDBaseViewController.m */,
				32B24D2425C425D4001DE9C5 /* WDBaseTableViewController.m */,
				32B24D2925C425D4001DE9C5 /* WDBaseNavigationController.m */,
				32B24D2A25C425D4001DE9C5 /* WDBaseTableViewController.h */,
				32B24D2B25C425D4001DE9C5 /* WDBaseViewController.h */,
				32B24D2C25C425D4001DE9C5 /* WDBaseTabBarController.m */,
				32B24D2D25C425D4001DE9C5 /* WDBaseNavigationController.h */,
			);
			path = controller;
			sourceTree = "<group>";
		};
		32B24D2E25C425D4001DE9C5 /* view */ = {
			isa = PBXGroup;
			children = (
				32B24D2F25C425D4001DE9C5 /* WDBaseView.m */,
				32B24D3025C425D4001DE9C5 /* WDBaseView.h */,
			);
			path = view;
			sourceTree = "<group>";
		};
		32B24D3125C425DE001DE9C5 /* Tool */ = {
			isa = PBXGroup;
			children = (
				32B24D3225C425DE001DE9C5 /* Category */,
				32B24D5025C425DE001DE9C5 /* Util */,
				32B24D5C25C425DE001DE9C5 /* Source */,
				32B24D6625C425DE001DE9C5 /* NetworkTool */,
				32B24D6925C425DE001DE9C5 /* SDK */,
			);
			path = Tool;
			sourceTree = "<group>";
		};
		32B24D3225C425DE001DE9C5 /* Category */ = {
			isa = PBXGroup;
			children = (
				32B24D3325C425DE001DE9C5 /* Extension */,
			);
			path = Category;
			sourceTree = "<group>";
		};
		32B24D3325C425DE001DE9C5 /* Extension */ = {
			isa = PBXGroup;
			children = (
				32B24D3425C425DE001DE9C5 /* NSCategory */,
				32B24D3B25C425DE001DE9C5 /* MBHUDCategory */,
				32B24D3E25C425DE001DE9C5 /* UICategory */,
				32B24D4F25C425DE001DE9C5 /* ExtensionHeader.h */,
			);
			path = Extension;
			sourceTree = "<group>";
		};
		32B24D3425C425DE001DE9C5 /* NSCategory */ = {
			isa = PBXGroup;
			children = (
				32B24D3525C425DE001DE9C5 /* NSDate+WDDate.m */,
				32B24D3625C425DE001DE9C5 /* NSDictionary+WDSafeObjectForKey.h */,
				32B24D3725C425DE001DE9C5 /* NSString+WDExtension.m */,
				32B24D3825C425DE001DE9C5 /* NSString+WDExtension.h */,
				32B24D3925C425DE001DE9C5 /* NSDictionary+WDSafeObjectForKey.m */,
				32B24D3A25C425DE001DE9C5 /* NSDate+WDDate.h */,
			);
			path = NSCategory;
			sourceTree = "<group>";
		};
		32B24D3B25C425DE001DE9C5 /* MBHUDCategory */ = {
			isa = PBXGroup;
			children = (
				32B24D3C25C425DE001DE9C5 /* MBProgressHUD+Constructor.m */,
				32B24D3D25C425DE001DE9C5 /* MBProgressHUD+Constructor.h */,
			);
			path = MBHUDCategory;
			sourceTree = "<group>";
		};
		32B24D3E25C425DE001DE9C5 /* UICategory */ = {
			isa = PBXGroup;
			children = (
				32B24D3F25C425DE001DE9C5 /* UIView+WDIBExtension.m */,
				32B24D4025C425DE001DE9C5 /* UIDevice+WDDevice.h */,
				32B24D4125C425DE001DE9C5 /* UIImage+WDExtension.h */,
				32B24D4225C425DE001DE9C5 /* UIScreen+WDExtension.m */,
				32B24D4325C425DE001DE9C5 /* UIButton+WDExtension.h */,
				32B24D4425C425DE001DE9C5 /* UIColor+WDExtend.h */,
				32B24D4525C425DE001DE9C5 /* UIViewController+WDPresentVC.m */,
				32B24D4625C425DE001DE9C5 /* UIView+WDExtension.m */,
				32B24D4725C425DE001DE9C5 /* UIDevice+WDDevice.m */,
				32B24D4825C425DE001DE9C5 /* UIView+WDIBExtension.h */,
				32B24D4925C425DE001DE9C5 /* UIScreen+WDExtension.h */,
				32B24D4A25C425DE001DE9C5 /* UIImage+WDExtension.m */,
				32B24D4B25C425DE001DE9C5 /* UIView+WDExtension.h */,
				32B24D4C25C425DE001DE9C5 /* UIViewController+WDPresentVC.h */,
				32B24D4D25C425DE001DE9C5 /* UIColor+WDExtend.m */,
				32B24D4E25C425DE001DE9C5 /* UIButton+WDExtension.m */,
			);
			path = UICategory;
			sourceTree = "<group>";
		};
		32B24D5025C425DE001DE9C5 /* Util */ = {
			isa = PBXGroup;
			children = (
				32B24D5125C425DE001DE9C5 /* WDGlobal.h */,
				32B24D5225C425DE001DE9C5 /* WDUtil.m */,
				32B24D5325C425DE001DE9C5 /* WDGlobal.m */,
				32B24D5425C425DE001DE9C5 /* WDUtil.h */,
			);
			path = Util;
			sourceTree = "<group>";
		};
		32B24D5C25C425DE001DE9C5 /* Source */ = {
			isa = PBXGroup;
			children = (
				32B24D6025C425DE001DE9C5 /* XWToolBar */,
				32B24D6325C425DE001DE9C5 /* XWFloatingView */,
			);
			path = Source;
			sourceTree = "<group>";
		};
		32B24D6025C425DE001DE9C5 /* XWToolBar */ = {
			isa = PBXGroup;
			children = (
				32B24D6125C425DE001DE9C5 /* XWToolBar.h */,
				32B24D6225C425DE001DE9C5 /* XWToolBar.m */,
			);
			path = XWToolBar;
			sourceTree = "<group>";
		};
		32B24D6325C425DE001DE9C5 /* XWFloatingView */ = {
			isa = PBXGroup;
			children = (
				32B24D6425C425DE001DE9C5 /* XWFloatingView.h */,
				32B24D6525C425DE001DE9C5 /* XWFloatingView.m */,
			);
			path = XWFloatingView;
			sourceTree = "<group>";
		};
		32B24D6625C425DE001DE9C5 /* NetworkTool */ = {
			isa = PBXGroup;
			children = (
				32B24D6725C425DE001DE9C5 /* TYNetworkTool.h */,
				32B24D6825C425DE001DE9C5 /* TYNetworkTool.m */,
			);
			path = NetworkTool;
			sourceTree = "<group>";
		};
		32B24D6925C425DE001DE9C5 /* SDK */ = {
			isa = PBXGroup;
			children = (
			);
			path = SDK;
			sourceTree = "<group>";
		};
		32B24DA225C425EE001DE9C5 /* Class */ = {
			isa = PBXGroup;
			children = (
				32B24DD625C436B1001DE9C5 /* login */,
				32B24DA725C42691001DE9C5 /* Mine */,
				32B24DA625C42688001DE9C5 /* AR */,
				32B24DA525C42664001DE9C5 /* Coordinate */,
				32B24DA425C42656001DE9C5 /* History */,
				32B24DA325C42601001DE9C5 /* Recommend */,
			);
			path = Class;
			sourceTree = "<group>";
		};
		32B24DA325C42601001DE9C5 /* Recommend */ = {
			isa = PBXGroup;
			children = (
				32B24DD025C4350F001DE9C5 /* WDRecommendVC.h */,
				32B24DD125C4350F001DE9C5 /* WDRecommendVC.m */,
				32B24DD225C4350F001DE9C5 /* WDRecommendVC.xib */,
			);
			path = Recommend;
			sourceTree = "<group>";
		};
		32B24DA425C42656001DE9C5 /* History */ = {
			isa = PBXGroup;
			children = (
				32B24DCA25C434F4001DE9C5 /* WDHistoryVC.h */,
				32B24DCB25C434F4001DE9C5 /* WDHistoryVC.m */,
				32B24DCC25C434F4001DE9C5 /* WDHistoryVC.xib */,
			);
			path = History;
			sourceTree = "<group>";
		};
		32B24DA525C42664001DE9C5 /* Coordinate */ = {
			isa = PBXGroup;
			children = (
				32B24DC425C434DB001DE9C5 /* WDCoordinateVC.h */,
				32B24DC525C434DB001DE9C5 /* WDCoordinateVC.m */,
				32B24DC625C434DB001DE9C5 /* WDCoordinateVC.xib */,
			);
			path = Coordinate;
			sourceTree = "<group>";
		};
		32B24DA625C42688001DE9C5 /* AR */ = {
			isa = PBXGroup;
			children = (
				32B24DBE25C434BE001DE9C5 /* WDARVC.h */,
				32B24DBF25C434BE001DE9C5 /* WDARVC.m */,
				32B24DC025C434BE001DE9C5 /* WDARVC.xib */,
			);
			path = AR;
			sourceTree = "<group>";
		};
		32B24DA725C42691001DE9C5 /* Mine */ = {
			isa = PBXGroup;
			children = (
				32B24DB725C434A1001DE9C5 /* WDMineVC.h */,
				32B24DB825C434A1001DE9C5 /* WDMineVC.m */,
				32B24DB925C434A1001DE9C5 /* WDMineVC.xib */,
			);
			path = Mine;
			sourceTree = "<group>";
		};
		32B24DA825C4269E001DE9C5 /* Other */ = {
			isa = PBXGroup;
			children = (
				32B24D0725C41EF2001DE9C5 /* Assets.xcassets */,
				32B24D0925C41EF2001DE9C5 /* LaunchScreen.storyboard */,
				32B24D0C25C41EF2001DE9C5 /* Info.plist */,
				32B24D0D25C41EF2001DE9C5 /* main.m */,
			);
			path = Other;
			sourceTree = "<group>";
		};
		32B24DD625C436B1001DE9C5 /* login */ = {
			isa = PBXGroup;
			children = (
			);
			path = login;
			sourceTree = "<group>";
		};
/* End PBXGroup section */

/* Begin PBXNativeTarget section */
		32B24CF725C41EEF001DE9C5 /* WDMap */ = {
			isa = PBXNativeTarget;
			buildConfigurationList = 32B24D1125C41EF2001DE9C5 /* Build configuration list for PBXNativeTarget "WDMap" */;
			buildPhases = (
				32B24CF425C41EEF001DE9C5 /* Sources */,
				32B24CF525C41EEF001DE9C5 /* Frameworks */,
				32B24CF625C41EEF001DE9C5 /* Resources */,
			);
			buildRules = (
			);
			dependencies = (
			);
			name = WDMap;
			productName = WDMap;
			productReference = 32B24CF825C41EEF001DE9C5 /* WDMap.app */;
			productType = "com.apple.product-type.application";
		};
/* End PBXNativeTarget section */

/* Begin PBXProject section */
		32B24CF025C41EEF001DE9C5 /* Project object */ = {
			isa = PBXProject;
			attributes = {
				CLASSPREFIX = WD;
				LastUpgradeCheck = 1240;
				TargetAttributes = {
					32B24CF725C41EEF001DE9C5 = {
						CreatedOnToolsVersion = 12.4;
					};
				};
			};
			buildConfigurationList = 32B24CF325C41EEF001DE9C5 /* Build configuration list for PBXProject "WDMap" */;
			compatibilityVersion = "Xcode 9.3";
			developmentRegion = en;
			hasScannedForEncodings = 0;
			knownRegions = (
				en,
				Base,
			);
			mainGroup = 32B24CEF25C41EEF001DE9C5;
			productRefGroup = 32B24CF925C41EEF001DE9C5 /* Products */;
			projectDirPath = "";
			projectRoot = "";
			targets = (
				32B24CF725C41EEF001DE9C5 /* WDMap */,
			);
		};
/* End PBXProject section */

/* Begin PBXResourcesBuildPhase section */
		32B24CF625C41EEF001DE9C5 /* Resources */ = {
			isa = PBXResourcesBuildPhase;
			buildActionMask = 2147483647;
			files = (
				32B24D0B25C41EF2001DE9C5 /* LaunchScreen.storyboard in Resources */,
				32B24DD425C4350F001DE9C5 /* WDRecommendVC.xib in Resources */,
				32B24D0825C41EF2001DE9C5 /* Assets.xcassets in Resources */,
				32B24DC825C434DB001DE9C5 /* WDCoordinateVC.xib in Resources */,
				32B24DC225C434BE001DE9C5 /* WDARVC.xib in Resources */,
				32B24DCE25C434F4001DE9C5 /* WDHistoryVC.xib in Resources */,
				32B24DBB25C434A1001DE9C5 /* WDMineVC.xib in Resources */,
			);
			runOnlyForDeploymentPostprocessing = 0;
		};
/* End PBXResourcesBuildPhase section */

/* Begin PBXSourcesBuildPhase section */
		32B24CF425C41EEF001DE9C5 /* Sources */ = {
			isa = PBXSourcesBuildPhase;
			buildActionMask = 2147483647;
			files = (
				32B24D8E25C425DE001DE9C5 /* WDUtil.m in Sources */,
				32B24D8925C425DE001DE9C5 /* UIView+WDExtension.m in Sources */,
				32B24D8725C425DE001DE9C5 /* UIScreen+WDExtension.m in Sources */,
				32B24D8425C425DE001DE9C5 /* NSDictionary+WDSafeObjectForKey.m in Sources */,
				32B24D8C25C425DE001DE9C5 /* UIColor+WDExtend.m in Sources */,
				32B24D8325C425DE001DE9C5 /* NSString+WDExtension.m in Sources */,
				32B24CFD25C41EEF001DE9C5 /* AppDelegate.m in Sources */,
				32B24DC725C434DB001DE9C5 /* WDCoordinateVC.m in Sources */,
				32B24D9725C425DE001DE9C5 /* TYNetworkTool.m in Sources */,
				32B24DCD25C434F4001DE9C5 /* WDHistoryVC.m in Sources */,
				32B24D8F25C425DE001DE9C5 /* WDGlobal.m in Sources */,
				32B24D9525C425DE001DE9C5 /* XWToolBar.m in Sources */,
				32B24D8A25C425DE001DE9C5 /* UIDevice+WDDevice.m in Sources */,
				32B24D8625C425DE001DE9C5 /* UIView+WDIBExtension.m in Sources */,
				32B24D8B25C425DE001DE9C5 /* UIImage+WDExtension.m in Sources */,
				32B24D7A25C425DE001DE9C5 /* WDBaseTags.m in Sources */,
				32B24D7B25C425DE001DE9C5 /* WDBaseViewController.m in Sources */,
				32B24D7C25C425DE001DE9C5 /* WDBaseTableViewController.m in Sources */,
				32B24DD325C4350F001DE9C5 /* WDRecommendVC.m in Sources */,
				32B24D8525C425DE001DE9C5 /* MBProgressHUD+Constructor.m in Sources */,
				32B24D8825C425DE001DE9C5 /* UIViewController+WDPresentVC.m in Sources */,
				32B24DBA25C434A1001DE9C5 /* WDMineVC.m in Sources */,
				32B24D8025C425DE001DE9C5 /* WDBaseTabBarController.m in Sources */,
				32B24D9625C425DE001DE9C5 /* XWFloatingView.m in Sources */,
				32B24DC125C434BE001DE9C5 /* WDARVC.m in Sources */,
				32B24D7F25C425DE001DE9C5 /* WDBaseNavigationController.m in Sources */,
				32B24D8125C425DE001DE9C5 /* WDBaseView.m in Sources */,
				32B24D0E25C41EF2001DE9C5 /* main.m in Sources */,
				32B24D8D25C425DE001DE9C5 /* UIButton+WDExtension.m in Sources */,
				32B24D8225C425DE001DE9C5 /* NSDate+WDDate.m in Sources */,
			);
			runOnlyForDeploymentPostprocessing = 0;
		};
/* End PBXSourcesBuildPhase section */

/* Begin PBXVariantGroup section */
		32B24D0925C41EF2001DE9C5 /* LaunchScreen.storyboard */ = {
			isa = PBXVariantGroup;
			children = (
				32B24D0A25C41EF2001DE9C5 /* Base */,
			);
			name = LaunchScreen.storyboard;
			sourceTree = "<group>";
		};
/* End PBXVariantGroup section */

/* Begin XCBuildConfiguration section */
		32B24D0F25C41EF2001DE9C5 /* Debug */ = {
			isa = XCBuildConfiguration;
			buildSettings = {
				ALWAYS_SEARCH_USER_PATHS = NO;
				CLANG_ANALYZER_NONNULL = YES;
				CLANG_ANALYZER_NUMBER_OBJECT_CONVERSION = YES_AGGRESSIVE;
				CLANG_CXX_LANGUAGE_STANDARD = "gnu++14";
				CLANG_CXX_LIBRARY = "libc++";
				CLANG_ENABLE_MODULES = YES;
				CLANG_ENABLE_OBJC_ARC = YES;
				CLANG_ENABLE_OBJC_WEAK = YES;
				CLANG_WARN_BLOCK_CAPTURE_AUTORELEASING = YES;
				CLANG_WARN_BOOL_CONVERSION = YES;
				CLANG_WARN_COMMA = YES;
				CLANG_WARN_CONSTANT_CONVERSION = YES;
				CLANG_WARN_DEPRECATED_OBJC_IMPLEMENTATIONS = YES;
				CLANG_WARN_DIRECT_OBJC_ISA_USAGE = YES_ERROR;
				CLANG_WARN_DOCUMENTATION_COMMENTS = YES;
				CLANG_WARN_EMPTY_BODY = YES;
				CLANG_WARN_ENUM_CONVERSION = YES;
				CLANG_WARN_INFINITE_RECURSION = YES;
				CLANG_WARN_INT_CONVERSION = YES;
				CLANG_WARN_NON_LITERAL_NULL_CONVERSION = YES;
				CLANG_WARN_OBJC_IMPLICIT_RETAIN_SELF = YES;
				CLANG_WARN_OBJC_LITERAL_CONVERSION = YES;
				CLANG_WARN_OBJC_ROOT_CLASS = YES_ERROR;
				CLANG_WARN_QUOTED_INCLUDE_IN_FRAMEWORK_HEADER = YES;
				CLANG_WARN_RANGE_LOOP_ANALYSIS = YES;
				CLANG_WARN_STRICT_PROTOTYPES = YES;
				CLANG_WARN_SUSPICIOUS_MOVE = YES;
				CLANG_WARN_UNGUARDED_AVAILABILITY = YES_AGGRESSIVE;
				CLANG_WARN_UNREACHABLE_CODE = YES;
				CLANG_WARN__DUPLICATE_METHOD_MATCH = YES;
				COPY_PHASE_STRIP = NO;
				DEBUG_INFORMATION_FORMAT = dwarf;
				ENABLE_STRICT_OBJC_MSGSEND = YES;
				ENABLE_TESTABILITY = YES;
				GCC_C_LANGUAGE_STANDARD = gnu11;
				GCC_DYNAMIC_NO_PIC = NO;
				GCC_NO_COMMON_BLOCKS = YES;
				GCC_OPTIMIZATION_LEVEL = 0;
				GCC_PREPROCESSOR_DEFINITIONS = (
					"DEBUG=1",
					"$(inherited)",
				);
				GCC_WARN_64_TO_32_BIT_CONVERSION = YES;
				GCC_WARN_ABOUT_RETURN_TYPE = YES_ERROR;
				GCC_WARN_UNDECLARED_SELECTOR = YES;
				GCC_WARN_UNINITIALIZED_AUTOS = YES_AGGRESSIVE;
				GCC_WARN_UNUSED_FUNCTION = YES;
				GCC_WARN_UNUSED_VARIABLE = YES;
				IPHONEOS_DEPLOYMENT_TARGET = 14.4;
				MTL_ENABLE_DEBUG_INFO = INCLUDE_SOURCE;
				MTL_FAST_MATH = YES;
				ONLY_ACTIVE_ARCH = YES;
				SDKROOT = iphoneos;
			};
			name = Debug;
		};
		32B24D1025C41EF2001DE9C5 /* Release */ = {
			isa = XCBuildConfiguration;
			buildSettings = {
				ALWAYS_SEARCH_USER_PATHS = NO;
				CLANG_ANALYZER_NONNULL = YES;
				CLANG_ANALYZER_NUMBER_OBJECT_CONVERSION = YES_AGGRESSIVE;
				CLANG_CXX_LANGUAGE_STANDARD = "gnu++14";
				CLANG_CXX_LIBRARY = "libc++";
				CLANG_ENABLE_MODULES = YES;
				CLANG_ENABLE_OBJC_ARC = YES;
				CLANG_ENABLE_OBJC_WEAK = YES;
				CLANG_WARN_BLOCK_CAPTURE_AUTORELEASING = YES;
				CLANG_WARN_BOOL_CONVERSION = YES;
				CLANG_WARN_COMMA = YES;
				CLANG_WARN_CONSTANT_CONVERSION = YES;
				CLANG_WARN_DEPRECATED_OBJC_IMPLEMENTATIONS = YES;
				CLANG_WARN_DIRECT_OBJC_ISA_USAGE = YES_ERROR;
				CLANG_WARN_DOCUMENTATION_COMMENTS = YES;
				CLANG_WARN_EMPTY_BODY = YES;
				CLANG_WARN_ENUM_CONVERSION = YES;
				CLANG_WARN_INFINITE_RECURSION = YES;
				CLANG_WARN_INT_CONVERSION = YES;
				CLANG_WARN_NON_LITERAL_NULL_CONVERSION = YES;
				CLANG_WARN_OBJC_IMPLICIT_RETAIN_SELF = YES;
				CLANG_WARN_OBJC_LITERAL_CONVERSION = YES;
				CLANG_WARN_OBJC_ROOT_CLASS = YES_ERROR;
				CLANG_WARN_QUOTED_INCLUDE_IN_FRAMEWORK_HEADER = YES;
				CLANG_WARN_RANGE_LOOP_ANALYSIS = YES;
				CLANG_WARN_STRICT_PROTOTYPES = YES;
				CLANG_WARN_SUSPICIOUS_MOVE = YES;
				CLANG_WARN_UNGUARDED_AVAILABILITY = YES_AGGRESSIVE;
				CLANG_WARN_UNREACHABLE_CODE = YES;
				CLANG_WARN__DUPLICATE_METHOD_MATCH = YES;
				COPY_PHASE_STRIP = NO;
				DEBUG_INFORMATION_FORMAT = "dwarf-with-dsym";
				ENABLE_NS_ASSERTIONS = NO;
				ENABLE_STRICT_OBJC_MSGSEND = YES;
				GCC_C_LANGUAGE_STANDARD = gnu11;
				GCC_NO_COMMON_BLOCKS = YES;
				GCC_WARN_64_TO_32_BIT_CONVERSION = YES;
				GCC_WARN_ABOUT_RETURN_TYPE = YES_ERROR;
				GCC_WARN_UNDECLARED_SELECTOR = YES;
				GCC_WARN_UNINITIALIZED_AUTOS = YES_AGGRESSIVE;
				GCC_WARN_UNUSED_FUNCTION = YES;
				GCC_WARN_UNUSED_VARIABLE = YES;
				IPHONEOS_DEPLOYMENT_TARGET = 14.4;
				MTL_ENABLE_DEBUG_INFO = NO;
				MTL_FAST_MATH = YES;
				SDKROOT = iphoneos;
				VALIDATE_PRODUCT = YES;
			};
			name = Release;
		};
		32B24D1225C41EF2001DE9C5 /* Debug */ = {
			isa = XCBuildConfiguration;
			buildSettings = {
				ASSETCATALOG_COMPILER_APPICON_NAME = AppIcon;
				ASSETCATALOG_COMPILER_GLOBAL_ACCENT_COLOR_NAME = AccentColor;
				CODE_SIGN_STYLE = Automatic;
				GCC_PREFIX_HEADER = "$(SRCROOT)/WDMap/Base/config/WDPrefixHeader.pch";
				INFOPLIST_FILE = WDMap/Info.plist;
				LD_RUNPATH_SEARCH_PATHS = (
					"$(inherited)",
					"@executable_path/Frameworks",
				);
				LIBRARY_SEARCH_PATHS = "$(inherited)";
				PRODUCT_BUNDLE_IDENTIFIER = com.wendu.WDMap;
				PRODUCT_NAME = "$(TARGET_NAME)";
				TARGETED_DEVICE_FAMILY = "1,2";
			};
			name = Debug;
		};
		32B24D1325C41EF2001DE9C5 /* Release */ = {
			isa = XCBuildConfiguration;
			buildSettings = {
				ASSETCATALOG_COMPILER_APPICON_NAME = AppIcon;
				ASSETCATALOG_COMPILER_GLOBAL_ACCENT_COLOR_NAME = AccentColor;
				CODE_SIGN_STYLE = Automatic;
				GCC_PREFIX_HEADER = "$(SRCROOT)/WDMap/Base/config/WDPrefixHeader.pch";
				INFOPLIST_FILE = WDMap/Info.plist;
				LD_RUNPATH_SEARCH_PATHS = (
					"$(inherited)",
					"@executable_path/Frameworks",
				);
				LIBRARY_SEARCH_PATHS = "$(inherited)";
				PRODUCT_BUNDLE_IDENTIFIER = com.wendu.WDMap;
				PRODUCT_NAME = "$(TARGET_NAME)";
				TARGETED_DEVICE_FAMILY = "1,2";
			};
			name = Release;
		};
/* End XCBuildConfiguration section */

/* Begin XCConfigurationList section */
		32B24CF325C41EEF001DE9C5 /* Build configuration list for PBXProject "WDMap" */ = {
			isa = XCConfigurationList;
			buildConfigurations = (
				32B24D0F25C41EF2001DE9C5 /* Debug */,
				32B24D1025C41EF2001DE9C5 /* Release */,
			);
			defaultConfigurationIsVisible = 0;
			defaultConfigurationName = Release;
		};
		32B24D1125C41EF2001DE9C5 /* Build configuration list for PBXNativeTarget "WDMap" */ = {
			isa = XCConfigurationList;
			buildConfigurations = (
				32B24D1225C41EF2001DE9C5 /* Debug */,
				32B24D1325C41EF2001DE9C5 /* Release */,
			);
			defaultConfigurationIsVisible = 0;
			defaultConfigurationName = Release;
		};
/* End XCConfigurationList section */
	};
	rootObject = 32B24CF025C41EEF001DE9C5 /* Project object */;
}
